{
  "nodes": {
    "logos-capability-module": {
      "inputs": {
        "logos-cpp-sdk": [
          "logos-cpp-sdk"
        ],
        "logos-liblogos": "logos-liblogos",
        "nixpkgs": [
          "logos-capability-module",
          "logos-liblogos",
          "nixpkgs"
        ]
      },
      "locked": {
        "lastModified": 1767809111,
        "narHash": "sha256-jehjsB+BpDJlVu3I7x+vFVOdXmy9MDmFTJtRqzFUONo=",
        "owner": "logos-co",
        "repo": "logos-capability-module",
        "rev": "7b35383e0aa4e28a4633ed18a87efb57636939b1",
        "type": "github"
      },
      "original": {
        "owner": "logos-co",
        "repo": "logos-capability-module",
        "type": "github"
      }
    },
    "logos-capability-module_2": {
      "inputs": {
        "logos-cpp-sdk": "logos-cpp-sdk_3",
        "logos-liblogos": "logos-liblogos_4",
        "nixpkgs": [
          "logos-storage-module",
          "logos-liblogos",
          "logos-capability-module",
          "logos-liblogos",
          "nixpkgs"
        ]
      },
      "locked": {
        "lastModified": 1767809111,
        "narHash": "sha256-jehjsB+BpDJlVu3I7x+vFVOdXmy9MDmFTJtRqzFUONo=",
        "owner": "logos-co",
        "repo": "logos-capability-module",
        "rev": "7b35383e0aa4e28a4633ed18a87efb57636939b1",
        "type": "github"
      },
      "original": {
        "owner": "logos-co",
        "repo": "logos-capability-module",
        "type": "github"
      }
    },
    "logos-cpp-sdk": {
      "inputs": {
        "nixpkgs": "nixpkgs"
      },
      "locked": {
        "lastModified": 1761230734,
        "narHash": "sha256-CMRUwXH7pJZ1OI6bd/TDDDXKqQ1tQZHQEOOwK8TgYHI=",
        "owner": "logos-co",
        "repo": "logos-cpp-sdk",
        "rev": "4b143922c190df00bb3835441c9f0075cb28283b",
        "type": "github"
      },
      "original": {
        "owner": "logos-co",
        "repo": "logos-cpp-sdk",
        "type": "github"
      }
    },
    "logos-cpp-sdk_2": {
      "inputs": {
        "nixpkgs": "nixpkgs_2"
      },
      "locked": {
        "lastModified": 1772028960,
        "narHash": "sha256-BDWFjaKeoJW8oWDlPphNINt5U3P1xt1z1Y4f9jyC7uU=",
        "owner": "logos-co",
        "repo": "logos-cpp-sdk",
        "rev": "95f763b48d74bcdc63093b05159f43500cab139e",
        "type": "github"
      },
      "original": {
        "owner": "logos-co",
        "repo": "logos-cpp-sdk",
        "type": "github"
      }
    },
    "logos-cpp-sdk_3": {
      "inputs": {
        "nixpkgs": "nixpkgs_4"
      },
      "locked": {
        "lastModified": 1761230734,
        "narHash": "sha256-CMRUwXH7pJZ1OI6bd/TDDDXKqQ1tQZHQEOOwK8TgYHI=",
        "owner": "logos-co",
        "repo": "logos-cpp-sdk",
        "rev": "4b143922c190df00bb3835441c9f0075cb28283b",
        "type": "github"
      },
      "original": {
        "owner": "logos-co",
        "repo": "logos-cpp-sdk",
        "type": "github"
      }
    },
    "logos-cpp-sdk_4": {
      "inputs": {
        "nixpkgs": "nixpkgs_5"
      },
      "locked": {
        "lastModified": 1761230734,
        "narHash": "sha256-CMRUwXH7pJZ1OI6bd/TDDDXKqQ1tQZHQEOOwK8TgYHI=",
        "owner": "logos-co",
        "repo": "logos-cpp-sdk",
        "rev": "4b143922c190df00bb3835441c9f0075cb28283b",
        "type": "github"
      },
      "original": {
        "owner": "logos-co",
        "repo": "logos-cpp-sdk",
        "type": "github"
      }
    },
    "logos-cpp-sdk_5": {
      "inputs": {
        "nixpkgs": "nixpkgs_6"
      },
      "locked": {
        "lastModified": 1772028960,
        "narHash": "sha256-BDWFjaKeoJW8oWDlPphNINt5U3P1xt1z1Y4f9jyC7uU=",
        "owner": "logos-co",
        "repo": "logos-cpp-sdk",
        "rev": "95f763b48d74bcdc63093b05159f43500cab139e",
        "type": "github"
      },
      "original": {
        "owner": "logos-co",
        "repo": "logos-cpp-sdk",
        "type": "github"
      }
    },
    "logos-cpp-sdk_6": {
      "inputs": {
        "nixpkgs": "nixpkgs_7"
      },
      "locked": {
        "lastModified": 1767724329,
        "narHash": "sha256-UPkqxqxbKwU5Dmu00TnjiJVXUmfVylF3p1qziEuYwIE=",
        "owner": "logos-co",
        "repo": "logos-cpp-sdk",
        "rev": "32f1d7080d784ff044d91d076ef2f0c7305d4784",
        "type": "github"
      },
      "original": {
        "owner": "logos-co",
        "repo": "logos-cpp-sdk",
        "type": "github"
      }
    },
    "logos-design-system": {
      "inputs": {
        "nixpkgs": "nixpkgs_3"
      },
      "locked": {
        "lastModified": 1772100797,
        "narHash": "sha256-IGf1mWOiQZfBWxkIlwUPGogSDHuKyBEBUgUNx0dYFEs=",
        "owner": "logos-co",
        "repo": "logos-design-system",
        "rev": "e0101f17e38eebee5a551651206d371e5b0bc647",
        "type": "github"
      },
      "original": {
        "owner": "logos-co",
        "repo": "logos-design-system",
        "type": "github"
      }
    },
    "logos-liblogos": {
      "inputs": {
        "logos-cpp-sdk": "logos-cpp-sdk",
        "nixpkgs": [
          "logos-capability-module",
          "logos-liblogos",
          "logos-cpp-sdk",
          "nixpkgs"
        ]
      },
      "locked": {
        "lastModified": 1761845775,
        "narHash": "sha256-ulK8xq05ejK6qIgZ7WtWb/MJt2rk5BKfDA2z7mM3wq8=",
        "owner": "logos-co",
        "repo": "logos-liblogos",
        "rev": "a92c2c1268bc70764c8f73c7bce07d21024f5af9",
        "type": "github"
      },
      "original": {
        "owner": "logos-co",
        "repo": "logos-liblogos",
        "type": "github"
      }
    },
    "logos-liblogos_2": {
      "inputs": {
        "logos-cpp-sdk": [
          "logos-cpp-sdk"
        ],
        "nixpkgs": [
          "logos-liblogos",
          "logos-cpp-sdk",
          "nixpkgs"
        ]
      },
      "locked": {
        "lastModified": 1769784473,
        "narHash": "sha256-00aXkYlP9dii4aI/YDBoGe23cEKKdvYYHPGrXSItip4=",
        "owner": "logos-co",
        "repo": "logos-liblogos",
        "rev": "1378757dc8745941ebee79ae484abe62be2f5db4",
        "type": "github"
      },
      "original": {
        "owner": "logos-co",
        "ref": "fix/logos-cleanup-on-terminate",
        "repo": "logos-liblogos",
        "type": "github"
      }
    },
    "logos-liblogos_3": {
      "inputs": {
        "logos-capability-module": "logos-capability-module_2",
        "logos-cpp-sdk": "logos-cpp-sdk_5",
        "logos-module": "logos-module",
        "nix-bundle-appimage": "nix-bundle-appimage",
        "nix-bundle-dir": "nix-bundle-dir_2",
        "nixpkgs": [
          "logos-storage-module",
          "logos-liblogos",
          "logos-cpp-sdk",
          "nixpkgs"
        ]
      },
      "locked": {
        "lastModified": 1772065159,
        "narHash": "sha256-sPdAuYiLOjsulrk+uKMT7EG05ZlGT7OYEpgUh+f0nME=",
        "owner": "logos-co",
        "repo": "logos-liblogos",
        "rev": "af9670c67641c61ede1d9dd5816cbc6bdf688c1f",
        "type": "github"
      },
      "original": {
        "owner": "logos-co",
        "repo": "logos-liblogos",
        "type": "github"
      }
    },
    "logos-liblogos_4": {
      "inputs": {
        "logos-cpp-sdk": "logos-cpp-sdk_4",
        "nixpkgs": [
          "logos-storage-module",
          "logos-liblogos",
          "logos-capability-module",
          "logos-liblogos",
          "logos-cpp-sdk",
          "nixpkgs"
        ]
      },
      "locked": {
        "lastModified": 1761845775,
        "narHash": "sha256-ulK8xq05ejK6qIgZ7WtWb/MJt2rk5BKfDA2z7mM3wq8=",
        "owner": "logos-co",
        "repo": "logos-liblogos",
        "rev": "a92c2c1268bc70764c8f73c7bce07d21024f5af9",
        "type": "github"
      },
      "original": {
        "owner": "logos-co",
        "repo": "logos-liblogos",
        "type": "github"
      }
    },
    "logos-module": {
      "inputs": {
        "logos-cpp-sdk": "logos-cpp-sdk_6",
        "nixpkgs": [
          "logos-storage-module",
          "logos-liblogos",
          "logos-module",
          "logos-cpp-sdk",
          "nixpkgs"
        ]
      },
      "locked": {
        "lastModified": 1770999556,
        "narHash": "sha256-anpsEniGTTwUAwknRxjaT9GP4avHzIsolEHdHDTV9rM=",
        "owner": "logos-co",
        "repo": "logos-module",
        "rev": "d1b35f335f938bb5de21a2a6010f1104075bdb1c",
        "type": "github"
      },
      "original": {
        "owner": "logos-co",
        "repo": "logos-module",
        "type": "github"
      }
    },
    "logos-storage": {
      "inputs": {
        "nixpkgs": "nixpkgs_10"
      },
      "locked": {
        "lastModified": 1772017912,
        "narHash": "sha256-dSpPL2mjJHOaGKsfPJbzG4n2OLzKhqcG0Fe5+RqZhkI=",
        "ref": "fix/delete-dataset-crash",
        "rev": "9d7cbf5783ef2099427749eccbc65148e22534f1",
        "revCount": 904,
        "submodules": true,
        "type": "git",
        "url": "https://github.com/logos-storage/logos-storage-nim"
      },
      "original": {
        "ref": "fix/delete-dataset-crash",
        "submodules": true,
        "type": "git",
        "url": "https://github.com/logos-storage/logos-storage-nim"
      }
    },
    "logos-storage-module": {
      "inputs": {
        "logos-cpp-sdk": [
          "logos-cpp-sdk"
        ],
        "logos-liblogos": "logos-liblogos_3",
        "logos-storage": "logos-storage",
        "nixpkgs": [
          "logos-storage-module",
          "logos-liblogos",
          "nixpkgs"
        ]
      },
      "locked": {
        "lastModified": 1772101964,
        "narHash": "sha256-0/DiTcTJihXVXN1Nyjmfu12UtxSPolIQqkGhGQcOkx8=",
        "owner": "logos-co",
        "repo": "logos-storage-module",
        "rev": "65e320fc1fa490e74c40aea2eacbab47778ad479",
        "type": "github"
      },
      "original": {
        "owner": "logos-co",
        "repo": "logos-storage-module",
        "type": "github"
      }
    },
    "nix-bundle-appimage": {
      "inputs": {
        "nix-bundle-dir": "nix-bundle-dir",
        "nixpkgs": "nixpkgs_8"
      },
      "locked": {
        "lastModified": 1772047346,
        "narHash": "sha256-RUsTUxKCxuQ3+D2LfBbK0EX1vF7HNMkpWgOGFfZbrEg=",
        "owner": "logos-co",
        "repo": "nix-bundle-appimage",
        "rev": "4d68437c97ac59c3c70c1b2b116235c434d571a8",
        "type": "github"
      },
      "original": {
        "owner": "logos-co",
        "repo": "nix-bundle-appimage",
        "type": "github"
      }
    },
    "nix-bundle-dir": {
      "inputs": {
        "nixpkgs": [
          "logos-storage-module",
          "logos-liblogos",
          "nix-bundle-appimage",
          "nixpkgs"
        ]
      },
      "locked": {
        "lastModified": 1771971384,
        "narHash": "sha256-fq0H+sxQhkGN054jdN+ZfHZibbOjHA+KD5SpRH78T1g=",
        "owner": "logos-co",
        "repo": "nix-bundle-dir",
        "rev": "1ecb9662145a1ad84007a970b4bef50a4af159c9",
        "type": "github"
      },
      "original": {
        "owner": "logos-co",
        "repo": "nix-bundle-dir",
        "type": "github"
      }
    },
    "nix-bundle-dir_2": {
      "inputs": {
        "nixpkgs": "nixpkgs_9"
      },
      "locked": {
        "lastModified": 1771971384,
        "narHash": "sha256-fq0H+sxQhkGN054jdN+ZfHZibbOjHA+KD5SpRH78T1g=",
        "owner": "logos-co",
        "repo": "nix-bundle-dir",
        "rev": "1ecb9662145a1ad84007a970b4bef50a4af159c9",
        "type": "github"
      },
      "original": {
        "owner": "logos-co",
        "repo": "nix-bundle-dir",
        "type": "github"
      }
    },
    "nixpkgs": {
      "locked": {
        "lastModified": 1759036355,
        "narHash": "sha256-0m27AKv6ka+q270dw48KflE0LwQYrO7Fm4/2//KCVWg=",
        "owner": "NixOS",
        "repo": "nixpkgs",
        "rev": "e9f00bd893984bc8ce46c895c3bf7cac95331127",
        "type": "github"
      },
      "original": {
        "owner": "NixOS",
        "ref": "nixos-unstable",
        "repo": "nixpkgs",
        "type": "github"
      }
    },
    "nixpkgs_10": {
      "locked": {
        "lastModified": 1751274312,
        "narHash": "sha256-/bVBlRpECLVzjV19t5KMdMFWSwKLtb5RyXdjz3LJT+g=",
        "owner": "NixOS",
        "repo": "nixpkgs",
        "rev": "50ab793786d9de88ee30ec4e4c24fb4236fc2674",
        "type": "github"
      },
      "original": {
        "owner": "NixOS",
        "ref": "nixos-24.11",
        "repo": "nixpkgs",
        "type": "github"
      }
    },
    "nixpkgs_2": {
      "locked": {
        "lastModified": 1759036355,
        "narHash": "sha256-0m27AKv6ka+q270dw48KflE0LwQYrO7Fm4/2//KCVWg=",
        "owner": "NixOS",
        "repo": "nixpkgs",
        "rev": "e9f00bd893984bc8ce46c895c3bf7cac95331127",
        "type": "github"
      },
      "original": {
        "owner": "NixOS",
        "ref": "nixos-unstable",
        "repo": "nixpkgs",
        "type": "github"
      }
    },
    "nixpkgs_3": {
      "locked": {
        "lastModified": 1751274312,
        "narHash": "sha256-/bVBlRpECLVzjV19t5KMdMFWSwKLtb5RyXdjz3LJT+g=",
        "owner": "NixOS",
        "repo": "nixpkgs",
        "rev": "50ab793786d9de88ee30ec4e4c24fb4236fc2674",
        "type": "github"
      },
      "original": {
        "owner": "NixOS",
        "ref": "nixos-24.11",
        "repo": "nixpkgs",
        "type": "github"
      }
    },
    "nixpkgs_4": {
      "locked": {
        "lastModified": 1759036355,
        "narHash": "sha256-0m27AKv6ka+q270dw48KflE0LwQYrO7Fm4/2//KCVWg=",
        "owner": "NixOS",
        "repo": "nixpkgs",
        "rev": "e9f00bd893984bc8ce46c895c3bf7cac95331127",
        "type": "github"
      },
      "original": {
        "owner": "NixOS",
        "ref": "nixos-unstable",
        "repo": "nixpkgs",
        "type": "github"
      }
    },
    "nixpkgs_5": {
      "locked": {
        "lastModified": 1759036355,
        "narHash": "sha256-0m27AKv6ka+q270dw48KflE0LwQYrO7Fm4/2//KCVWg=",
        "owner": "NixOS",
        "repo": "nixpkgs",
        "rev": "e9f00bd893984bc8ce46c895c3bf7cac95331127",
        "type": "github"
      },
      "original": {
        "owner": "NixOS",
        "ref": "nixos-unstable",
        "repo": "nixpkgs",
        "type": "github"
      }
    },
    "nixpkgs_6": {
      "locked": {
        "lastModified": 1759036355,
        "narHash": "sha256-0m27AKv6ka+q270dw48KflE0LwQYrO7Fm4/2//KCVWg=",
        "owner": "NixOS",
        "repo": "nixpkgs",
        "rev": "e9f00bd893984bc8ce46c895c3bf7cac95331127",
        "type": "github"
      },
      "original": {
        "owner": "NixOS",
        "ref": "nixos-unstable",
        "repo": "nixpkgs",
        "type": "github"
      }
    },
    "nixpkgs_7": {
      "locked": {
        "lastModified": 1759036355,
        "narHash": "sha256-0m27AKv6ka+q270dw48KflE0LwQYrO7Fm4/2//KCVWg=",
        "owner": "NixOS",
        "repo": "nixpkgs",
        "rev": "e9f00bd893984bc8ce46c895c3bf7cac95331127",
        "type": "github"
      },
      "original": {
        "owner": "NixOS",
        "ref": "nixos-unstable",
        "repo": "nixpkgs",
        "type": "github"
      }
    },
    "nixpkgs_8": {
      "locked": {
        "lastModified": 1771848320,
        "narHash": "sha256-0MAd+0mun3K/Ns8JATeHT1sX28faLII5hVLq0L3BdZU=",
        "owner": "NixOS",
        "repo": "nixpkgs",
        "rev": "2fc6539b481e1d2569f25f8799236694180c0993",
        "type": "github"
      },
      "original": {
        "owner": "NixOS",
        "ref": "nixos-unstable",
        "repo": "nixpkgs",
        "type": "github"
      }
    },
    "nixpkgs_9": {
      "locked": {
        "lastModified": 1770562336,
        "narHash": "sha256-ub1gpAONMFsT/GU2hV6ZWJjur8rJ6kKxdm9IlCT0j84=",
        "owner": "NixOS",
        "repo": "nixpkgs",
        "rev": "d6c71932130818840fc8fe9509cf50be8c64634f",
        "type": "github"
      },
      "original": {
        "owner": "NixOS",
        "ref": "nixos-unstable",
        "repo": "nixpkgs",
        "type": "github"
      }
    },
    "root": {
      "inputs": {
        "logos-capability-module": "logos-capability-module",
        "logos-cpp-sdk": "logos-cpp-sdk_2",
        "logos-design-system": "logos-design-system",
        "logos-liblogos": "logos-liblogos_2",
        "logos-storage-module": "logos-storage-module",
        "nixpkgs": [
          "logos-liblogos",
          "nixpkgs"
        ]
      }
    }
  },
  "root": "root",
  "version": 7
}
