{
  "nodes": {
    "logos-capability-module": {
      "inputs": {
        "logos-cpp-sdk": [
          "logos-cpp-sdk"
        ],
        "logos-liblogos": "logos-liblogos",
        "nixpkgs": [
          "logos-capability-module",
          "logos-liblogos",
          "nixpkgs"
        ]
      },
      "locked": {
        "lastModified": 1767809111,
        "narHash": "sha256-jehjsB+BpDJlVu3I7x+vFVOdXmy9MDmFTJtRqzFUONo=",
        "owner": "logos-co",
        "repo": "logos-capability-module",
        "rev": "7b35383e0aa4e28a4633ed18a87efb57636939b1",
        "type": "github"
      },
      "original": {
        "owner": "logos-co",
        "repo": "logos-capability-module",
        "type": "github"
      }
    },
    "logos-capability-module_2": {
      "inputs": {
        "logos-cpp-sdk": "logos-cpp-sdk_3",
        "logos-liblogos": "logos-liblogos_4",
        "nixpkgs": [
          "logos-storage-module",
          "logos-liblogos",
          "logos-capability-module",
          "logos-liblogos",
          "nixpkgs"
        ]
      },
      "locked": {
        "lastModified": 1767809111,
        "narHash": "sha256-jehjsB+BpDJlVu3I7x+vFVOdXmy9MDmFTJtRqzFUONo=",
        "owner": "logos-co",
        "repo": "logos-capability-module",
        "rev": "7b35383e0aa4e28a4633ed18a87efb57636939b1",
        "type": "github"
      },
      "original": {
        "owner": "logos-co",
        "repo": "logos-capability-module",
        "type": "github"
      }
    },
    "logos-cpp-sdk": {
      "inputs": {
        "nixpkgs": "nixpkgs"
      },
      "locked": {
        "lastModified": 1761230734,
        "narHash": "sha256-CMRUwXH7pJZ1OI6bd/TDDDXKqQ1tQZHQEOOwK8TgYHI=",
        "owner": "logos-co",
        "repo": "logos-cpp-sdk",
        "rev": "4b143922c190df00bb3835441c9f0075cb28283b",
        "type": "github"
      },
      "original": {
        "owner": "logos-co",
        "repo": "logos-cpp-sdk",
        "type": "github"
      }
    },
    "logos-cpp-sdk_2": {
      "inputs": {
        "nixpkgs": "nixpkgs_2"
      },
      "locked": {
        "lastModified": 1770978598,
        "narHash": "sha256-CR5N5v+y2ZInnBocGgjIeLaS9XqNjAKGXE2abC3E110=",
        "owner": "logos-co",
        "repo": "logos-cpp-sdk",
        "rev": "c3477d29e32cae5f73ca637fb81e547f8a6cba58",
        "type": "github"
      },
      "original": {
        "owner": "logos-co",
        "ref": "feat/logos-result",
        "repo": "logos-cpp-sdk",
        "type": "github"
      }
    },
    "logos-cpp-sdk_3": {
      "inputs": {
        "nixpkgs": "nixpkgs_3"
      },
      "locked": {
        "lastModified": 1761230734,
        "narHash": "sha256-CMRUwXH7pJZ1OI6bd/TDDDXKqQ1tQZHQEOOwK8TgYHI=",
        "owner": "logos-co",
        "repo": "logos-cpp-sdk",
        "rev": "4b143922c190df00bb3835441c9f0075cb28283b",
        "type": "github"
      },
      "original": {
        "owner": "logos-co",
        "repo": "logos-cpp-sdk",
        "type": "github"
      }
    },
    "logos-cpp-sdk_4": {
      "inputs": {
        "nixpkgs": "nixpkgs_4"
      },
      "locked": {
        "lastModified": 1761230734,
        "narHash": "sha256-CMRUwXH7pJZ1OI6bd/TDDDXKqQ1tQZHQEOOwK8TgYHI=",
        "owner": "logos-co",
        "repo": "logos-cpp-sdk",
        "rev": "4b143922c190df00bb3835441c9f0075cb28283b",
        "type": "github"
      },
      "original": {
        "owner": "logos-co",
        "repo": "logos-cpp-sdk",
        "type": "github"
      }
    },
    "logos-cpp-sdk_5": {
      "inputs": {
        "nixpkgs": "nixpkgs_5"
      },
      "locked": {
        "lastModified": 1767724329,
        "narHash": "sha256-UPkqxqxbKwU5Dmu00TnjiJVXUmfVylF3p1qziEuYwIE=",
        "owner": "logos-co",
        "repo": "logos-cpp-sdk",
        "rev": "32f1d7080d784ff044d91d076ef2f0c7305d4784",
        "type": "github"
      },
      "original": {
        "owner": "logos-co",
        "repo": "logos-cpp-sdk",
        "type": "github"
      }
    },
    "logos-cpp-sdk_6": {
      "inputs": {
        "nixpkgs": "nixpkgs_6"
      },
      "locked": {
        "lastModified": 1767724329,
        "narHash": "sha256-UPkqxqxbKwU5Dmu00TnjiJVXUmfVylF3p1qziEuYwIE=",
        "owner": "logos-co",
        "repo": "logos-cpp-sdk",
        "rev": "32f1d7080d784ff044d91d076ef2f0c7305d4784",
        "type": "github"
      },
      "original": {
        "owner": "logos-co",
        "repo": "logos-cpp-sdk",
        "type": "github"
      }
    },
    "logos-liblogos": {
      "inputs": {
        "logos-cpp-sdk": "logos-cpp-sdk",
        "nixpkgs": [
          "logos-capability-module",
          "logos-liblogos",
          "logos-cpp-sdk",
          "nixpkgs"
        ]
      },
      "locked": {
        "lastModified": 1761845775,
        "narHash": "sha256-ulK8xq05ejK6qIgZ7WtWb/MJt2rk5BKfDA2z7mM3wq8=",
        "owner": "logos-co",
        "repo": "logos-liblogos",
        "rev": "a92c2c1268bc70764c8f73c7bce07d21024f5af9",
        "type": "github"
      },
      "original": {
        "owner": "logos-co",
        "repo": "logos-liblogos",
        "type": "github"
      }
    },
    "logos-liblogos_2": {
      "inputs": {
        "logos-cpp-sdk": [
          "logos-cpp-sdk"
        ],
        "nixpkgs": [
          "logos-liblogos",
          "logos-cpp-sdk",
          "nixpkgs"
        ]
      },
      "locked": {
        "lastModified": 1769784473,
        "narHash": "sha256-00aXkYlP9dii4aI/YDBoGe23cEKKdvYYHPGrXSItip4=",
        "owner": "logos-co",
        "repo": "logos-liblogos",
        "rev": "1378757dc8745941ebee79ae484abe62be2f5db4",
        "type": "github"
      },
      "original": {
        "owner": "logos-co",
        "ref": "fix/logos-cleanup-on-terminate",
        "repo": "logos-liblogos",
        "type": "github"
      }
    },
    "logos-liblogos_3": {
      "inputs": {
        "logos-capability-module": "logos-capability-module_2",
        "logos-cpp-sdk": "logos-cpp-sdk_5",
        "logos-module": "logos-module",
        "nixpkgs": [
          "logos-storage-module",
          "logos-liblogos",
          "logos-cpp-sdk",
          "nixpkgs"
        ]
      },
      "locked": {
        "lastModified": 1770837874,
        "narHash": "sha256-wr75lv1q4U1FS5+l/6ypwzJFJe06l2RyUvx1npoRS88=",
        "owner": "logos-co",
        "repo": "logos-liblogos",
        "rev": "e3741c01fd3abf6b7bd9ff2fa8edf89c41fc0cea",
        "type": "github"
      },
      "original": {
        "owner": "logos-co",
        "repo": "logos-liblogos",
        "type": "github"
      }
    },
    "logos-liblogos_4": {
      "inputs": {
        "logos-cpp-sdk": "logos-cpp-sdk_4",
        "nixpkgs": [
          "logos-storage-module",
          "logos-liblogos",
          "logos-capability-module",
          "logos-liblogos",
          "logos-cpp-sdk",
          "nixpkgs"
        ]
      },
      "locked": {
        "lastModified": 1761845775,
        "narHash": "sha256-ulK8xq05ejK6qIgZ7WtWb/MJt2rk5BKfDA2z7mM3wq8=",
        "owner": "logos-co",
        "repo": "logos-liblogos",
        "rev": "a92c2c1268bc70764c8f73c7bce07d21024f5af9",
        "type": "github"
      },
      "original": {
        "owner": "logos-co",
        "repo": "logos-liblogos",
        "type": "github"
      }
    },
    "logos-module": {
      "inputs": {
        "logos-cpp-sdk": "logos-cpp-sdk_6",
        "nixpkgs": [
          "logos-storage-module",
          "logos-liblogos",
          "logos-module",
          "logos-cpp-sdk",
          "nixpkgs"
        ]
      },
      "locked": {
        "lastModified": 1770062426,
        "narHash": "sha256-zc7ZxDTlqOCYGyEHhrTA/7GS1EWh7+4amdPUKh+gGds=",
        "owner": "logos-co",
        "repo": "logos-module",
        "rev": "f7ee69d9ad9f27c84f04f59896e9194125e951dc",
        "type": "github"
      },
      "original": {
        "owner": "logos-co",
        "repo": "logos-module",
        "type": "github"
      }
    },
    "logos-storage": {
      "inputs": {
        "nixpkgs": "nixpkgs_7"
      },
      "locked": {
        "lastModified": 1770798353,
        "narHash": "sha256-S7S3stBLrReeHlMqZkVO4h8sG0qWQIbcO+TNH90LCeY=",
        "ref": "refs/heads/master",
        "rev": "d02f44ffd64216cc9dd1e8cdc047b583eb074a21",
        "revCount": 896,
        "submodules": true,
        "type": "git",
        "url": "https://github.com/logos-storage/logos-storage-nim"
      },
      "original": {
        "submodules": true,
        "type": "git",
        "url": "https://github.com/logos-storage/logos-storage-nim"
      }
    },
    "logos-storage-module": {
      "inputs": {
        "logos-cpp-sdk": [
          "logos-cpp-sdk"
        ],
        "logos-liblogos": "logos-liblogos_3",
        "logos-storage": "logos-storage",
        "nixpkgs": [
          "logos-storage-module",
          "logos-liblogos",
          "nixpkgs"
        ]
      },
      "locked": {
        "lastModified": 1770999310,
        "narHash": "sha256-0pD6Buni4A2lDyo31xKlGUWnM8Ebs4WRcThF8pKT5Qc=",
        "owner": "logos-co",
        "repo": "logos-storage-module",
        "rev": "1943e8cfbee46b800bc8b5f08efb4b4376b286a8",
        "type": "github"
      },
      "original": {
        "owner": "logos-co",
        "repo": "logos-storage-module",
        "type": "github"
      }
    },
    "nixpkgs": {
      "locked": {
        "lastModified": 1759036355,
        "narHash": "sha256-0m27AKv6ka+q270dw48KflE0LwQYrO7Fm4/2//KCVWg=",
        "owner": "NixOS",
        "repo": "nixpkgs",
        "rev": "e9f00bd893984bc8ce46c895c3bf7cac95331127",
        "type": "github"
      },
      "original": {
        "owner": "NixOS",
        "ref": "nixos-unstable",
        "repo": "nixpkgs",
        "type": "github"
      }
    },
    "nixpkgs_2": {
      "locked": {
        "lastModified": 1759036355,
        "narHash": "sha256-0m27AKv6ka+q270dw48KflE0LwQYrO7Fm4/2//KCVWg=",
        "owner": "NixOS",
        "repo": "nixpkgs",
        "rev": "e9f00bd893984bc8ce46c895c3bf7cac95331127",
        "type": "github"
      },
      "original": {
        "owner": "NixOS",
        "ref": "nixos-unstable",
        "repo": "nixpkgs",
        "type": "github"
      }
    },
    "nixpkgs_3": {
      "locked": {
        "lastModified": 1759036355,
        "narHash": "sha256-0m27AKv6ka+q270dw48KflE0LwQYrO7Fm4/2//KCVWg=",
        "owner": "NixOS",
        "repo": "nixpkgs",
        "rev": "e9f00bd893984bc8ce46c895c3bf7cac95331127",
        "type": "github"
      },
      "original": {
        "owner": "NixOS",
        "ref": "nixos-unstable",
        "repo": "nixpkgs",
        "type": "github"
      }
    },
    "nixpkgs_4": {
      "locked": {
        "lastModified": 1759036355,
        "narHash": "sha256-0m27AKv6ka+q270dw48KflE0LwQYrO7Fm4/2//KCVWg=",
        "owner": "NixOS",
        "repo": "nixpkgs",
        "rev": "e9f00bd893984bc8ce46c895c3bf7cac95331127",
        "type": "github"
      },
      "original": {
        "owner": "NixOS",
        "ref": "nixos-unstable",
        "repo": "nixpkgs",
        "type": "github"
      }
    },
    "nixpkgs_5": {
      "locked": {
        "lastModified": 1759036355,
        "narHash": "sha256-0m27AKv6ka+q270dw48KflE0LwQYrO7Fm4/2//KCVWg=",
        "owner": "NixOS",
        "repo": "nixpkgs",
        "rev": "e9f00bd893984bc8ce46c895c3bf7cac95331127",
        "type": "github"
      },
      "original": {
        "owner": "NixOS",
        "ref": "nixos-unstable",
        "repo": "nixpkgs",
        "type": "github"
      }
    },
    "nixpkgs_6": {
      "locked": {
        "lastModified": 1759036355,
        "narHash": "sha256-0m27AKv6ka+q270dw48KflE0LwQYrO7Fm4/2//KCVWg=",
        "owner": "NixOS",
        "repo": "nixpkgs",
        "rev": "e9f00bd893984bc8ce46c895c3bf7cac95331127",
        "type": "github"
      },
      "original": {
        "owner": "NixOS",
        "ref": "nixos-unstable",
        "repo": "nixpkgs",
        "type": "github"
      }
    },
    "nixpkgs_7": {
      "locked": {
        "lastModified": 1751274312,
        "narHash": "sha256-/bVBlRpECLVzjV19t5KMdMFWSwKLtb5RyXdjz3LJT+g=",
        "owner": "NixOS",
        "repo": "nixpkgs",
        "rev": "50ab793786d9de88ee30ec4e4c24fb4236fc2674",
        "type": "github"
      },
      "original": {
        "owner": "NixOS",
        "ref": "nixos-24.11",
        "repo": "nixpkgs",
        "type": "github"
      }
    },
    "root": {
      "inputs": {
        "logos-capability-module": "logos-capability-module",
        "logos-cpp-sdk": "logos-cpp-sdk_2",
        "logos-liblogos": "logos-liblogos_2",
        "logos-storage-module": "logos-storage-module",
        "nixpkgs": [
          "logos-liblogos",
          "nixpkgs"
        ]
      }
    }
  },
  "root": "root",
  "version": 7
}
